
Microsoft Visual Studio Solution File, Format Version 12.00
# Visual Studio Version 17
VisualStudioVersion = 17.13.35825.156 d17.13
MinimumVisualStudioVersion = 10.0.40219.1
Project("{8BC9CEB8-8B4A-11D0-8D11-00A0C91BC942}") = "GameP_TeamMakeGame", "GameP_TeamMakeGame\GameP_TeamMakeGame.vcxproj", "{47ABCF1F-4489-4C47-AE81-141DAFDD7A0F}"
EndProject
Global
	GlobalSection(SolutionConfigurationPlatforms) = preSolution
		Debug|x64 = Debug|x64
		Debug|x86 = Debug|x86
		Release|x64 = Release|x64
		Release|x86 = Release|x86
	EndGlobalSection
	GlobalSection(ProjectConfigurationPlatforms) = postSolution
		{47ABCF1F-4489-4C47-AE81-141DAFDD7A0F}.Debug|x64.ActiveCfg = Debug|x64
		{47ABCF1F-4489-4C47-AE81-141DAFDD7A0F}.Debug|x64.Build.0 = Debug|x64
		{47ABCF1F-4489-4C47-AE81-141DAFDD7A0F}.Debug|x86.ActiveCfg = Debug|Win32
		{47ABCF1F-4489-4C47-AE81-141DAFDD7A0F}.Debug|x86.Build.0 = Debug|Win32
		{47ABCF1F-4489-4C47-AE81-141DAFDD7A0F}.Release|x64.ActiveCfg = Release|x64
		{47ABCF1F-4489-4C47-AE81-141DAFDD7A0F}.Release|x64.Build.0 = Release|x64
		{47ABCF1F-4489-4C47-AE81-141DAFDD7A0F}.Release|x86.ActiveCfg = Release|Win32
		{47ABCF1F-4489-4C47-AE81-141DAFDD7A0F}.Release|x86.Build.0 = Release|Win32
	EndGlobalSection
	GlobalSection(SolutionProperties) = preSolution
		HideSolutionNode = FALSE
	EndGlobalSection
	GlobalSection(ExtensibilityGlobals) = postSolution
		SolutionGuid = {F8E1723C-04A4-477D-BA11-D2A55C2CFC07}
	EndGlobalSection
EndGlobal
